{
	"name": "@rbxts/commander",
	"version": "0.3.2",
	"lockfileVersion": 3,
	"requires": true,
	"packages": {
		"": {
			"name": "@rbxts/commander",
			"version": "0.3.2",
			"license": "MIT",
			"dependencies": {
				"@rbxts/beacon": "^2.1.1",
				"@rbxts/pretty-react-hooks": "^0.4.2",
				"@rbxts/react": "^0.3.3",
				"@rbxts/react-reflex": "^0.3.4",
				"@rbxts/react-roblox": "^0.3.3",
				"@rbxts/reflex": "^4.3.1",
				"@rbxts/ripple": "^0.8.1",
				"@rbxts/services": "^1.5.4",
				"@rbxts/t": "^3.1.1"
			},
			"devDependencies": {
				"@biomejs/biome": "1.6.1",
				"@rbxts/compiler-types": "2.3.0-types.0",
				"@rbxts/midori": "^0.1.3",
				"@rbxts/types": "^1.0.761",
				"roblox-ts": "^2.3.0-dev-a25975b",
				"typescript": "~5.4"
			}
		},
		"node_modules/@biomejs/biome": {
			"version": "1.6.1",
			"resolved": "https://registry.npmjs.org/@biomejs/biome/-/biome-1.6.1.tgz",
			"integrity": "sha512-SILQvA2S0XeaOuu1bivv6fQmMo7zMfr2xqDEN+Sz78pGbAKZnGmg0emsXjQWoBY/RVm9kPCgX+aGEpZZTYaM7w==",
			"dev": true,
			"hasInstallScript": true,
			"bin": {
				"biome": "bin/biome"
			},
			"engines": {
				"node": ">=14.*"
			},
			"funding": {
				"type": "opencollective",
				"url": "https://opencollective.com/biome"
			},
			"optionalDependencies": {
				"@biomejs/cli-darwin-arm64": "1.6.1",
				"@biomejs/cli-darwin-x64": "1.6.1",
				"@biomejs/cli-linux-arm64": "1.6.1",
				"@biomejs/cli-linux-arm64-musl": "1.6.1",
				"@biomejs/cli-linux-x64": "1.6.1",
				"@biomejs/cli-linux-x64-musl": "1.6.1",
				"@biomejs/cli-win32-arm64": "1.6.1",
				"@biomejs/cli-win32-x64": "1.6.1"
			}
		},
		"node_modules/@biomejs/cli-darwin-arm64": {
			"version": "1.6.1",
			"resolved": "https://registry.npmjs.org/@biomejs/cli-darwin-arm64/-/cli-darwin-arm64-1.6.1.tgz",
			"integrity": "sha512-KlvY00iB9T/vFi4m/GXxEyYkYnYy6aw06uapzUIIdiMMj7I/pmZu7CsZlzWdekVD0j+SsQbxdZMsb0wPhnRSsg==",
			"cpu": [
				"arm64"
			],
			"dev": true,
			"optional": true,
			"os": [
				"darwin"
			],
			"engines": {
				"node": ">=14.*"
			}
		},
		"node_modules/@biomejs/cli-darwin-x64": {
			"version": "1.6.1",
			"resolved": "https://registry.npmjs.org/@biomejs/cli-darwin-x64/-/cli-darwin-x64-1.6.1.tgz",
			"integrity": "sha512-jP4E8TXaQX5e3nvRJSzB+qicZrdIDCrjR0sSb1DaDTx4JPZH5WXq/BlTqAyWi3IijM+IYMjWqAAK4kOHsSCzxw==",
			"cpu": [
				"x64"
			],
			"dev": true,
			"optional": true,
			"os": [
				"darwin"
			],
			"engines": {
				"node": ">=14.*"
			}
		},
		"node_modules/@biomejs/cli-linux-arm64": {
			"version": "1.6.1",
			"resolved": "https://registry.npmjs.org/@biomejs/cli-linux-arm64/-/cli-linux-arm64-1.6.1.tgz",
			"integrity": "sha512-nxD1UyX3bWSl/RSKlib/JsOmt+652/9yieogdSC/UTLgVCZYOF7u8L/LK7kAa0Y4nA8zSPavAQTgko7mHC2ObA==",
			"cpu": [
				"arm64"
			],
			"dev": true,
			"optional": true,
			"os": [
				"linux"
			],
			"engines": {
				"node": ">=14.*"
			}
		},
		"node_modules/@biomejs/cli-linux-arm64-musl": {
			"version": "1.6.1",
			"resolved": "https://registry.npmjs.org/@biomejs/cli-linux-arm64-musl/-/cli-linux-arm64-musl-1.6.1.tgz",
			"integrity": "sha512-YdkDgFecdHJg7PJxAMaZIixVWGB6St4yH08BHagO0fEhNNiY8cAKEVo2mcXlsnEiTMpeSEAY9VxLUrVT3IVxpw==",
			"cpu": [
				"arm64"
			],
			"dev": true,
			"optional": true,
			"os": [
				"linux"
			],
			"engines": {
				"node": ">=14.*"
			}
		},
		"node_modules/@biomejs/cli-linux-x64": {
			"version": "1.6.1",
			"resolved": "https://registry.npmjs.org/@biomejs/cli-linux-x64/-/cli-linux-x64-1.6.1.tgz",
			"integrity": "sha512-BYAzenlMF3QdngjNFw9QVBXKGNzeecqwF3pwDgUGEvU7OJpn1/lyVkJVxYPtVGRNdjQ9e6l/s8NjKuBpW/ZR4Q==",
			"cpu": [
				"x64"
			],
			"dev": true,
			"optional": true,
			"os": [
				"linux"
			],
			"engines": {
				"node": ">=14.*"
			}
		},
		"node_modules/@biomejs/cli-linux-x64-musl": {
			"version": "1.6.1",
			"resolved": "https://registry.npmjs.org/@biomejs/cli-linux-x64-musl/-/cli-linux-x64-musl-1.6.1.tgz",
			"integrity": "sha512-aSISIDmxq04NNy7tm4x9rBk2vH0ub2VDIE4outEmdC2LBtEJoINiphlZagx/FvjbsqUfygent9QUSn0oREnAXg==",
			"cpu": [
				"x64"
			],
			"dev": true,
			"optional": true,
			"os": [
				"linux"
			],
			"engines": {
				"node": ">=14.*"
			}
		},
		"node_modules/@biomejs/cli-win32-arm64": {
			"version": "1.6.1",
			"resolved": "https://registry.npmjs.org/@biomejs/cli-win32-arm64/-/cli-win32-arm64-1.6.1.tgz",
			"integrity": "sha512-/eCHQKZ1kEawUpkSuXq4urtxMsD1P1678OPG3zNKt3ru16AqqspLdO3jzBe3k74xCPYnQ36e9Yqc97Mo0qgPtg==",
			"cpu": [
				"arm64"
			],
			"dev": true,
			"optional": true,
			"os": [
				"win32"
			],
			"engines": {
				"node": ">=14.*"
			}
		},
		"node_modules/@biomejs/cli-win32-x64": {
			"version": "1.6.1",
			"resolved": "https://registry.npmjs.org/@biomejs/cli-win32-x64/-/cli-win32-x64-1.6.1.tgz",
			"integrity": "sha512-5TUZbzBwnDLFxLVGEPsorNi6eC2Gt+z4Oei9Qvq0M/4c4/mjZ96ABgwao/tMxf4ZBr/qyy2YdvF+gX9Rc+xC0A==",
			"cpu": [
				"x64"
			],
			"dev": true,
			"optional": true,
			"os": [
				"win32"
			],
			"engines": {
				"node": ">=14.*"
			}
		},
		"node_modules/@rbxts/beacon": {
			"version": "2.1.1",
			"resolved": "https://registry.npmjs.org/@rbxts/beacon/-/beacon-2.1.1.tgz",
			"integrity": "sha512-QeFMSGj+Iijp+tHcV9eyqVyeKZ/9zp7GqRJ/hecKiHmoTu4yFcyGnUQAaX7OdQKBCgLvWMJ9wK/FXMECjFA2Kg=="
		},
		"node_modules/@rbxts/compiler-types": {
			"version": "2.3.0-types.0",
			"resolved": "https://registry.npmjs.org/@rbxts/compiler-types/-/compiler-types-2.3.0-types.0.tgz",
			"integrity": "sha512-2kllUXLlK22OzSi3GmLT+/O70U9oB2iXp4rGFk5FLwc1pqf4W9EsInuJ0t7poLE2XnqnpW/ojff9CUNivI2+lw==",
			"dev": true
		},
		"node_modules/@rbxts/flipper": {
			"version": "2.0.1",
			"resolved": "https://registry.npmjs.org/@rbxts/flipper/-/flipper-2.0.1.tgz",
			"integrity": "sha512-kxb5AZizP05XSmo3waS/QkcfNMD5b6HX4gGwyHOyBow260R5MIT4L/ZUPLvleXXyb9b67X4NVmHoac1tPXOLNA=="
		},
		"node_modules/@rbxts/midori": {
			"version": "0.1.3",
			"resolved": "https://registry.npmjs.org/@rbxts/midori/-/midori-0.1.3.tgz",
			"integrity": "sha512-GT3P4ETL2k3SuCx7hw6CnSWthti5NpJ74GN3WEhFTNIjcHHbb7DzH8OxVdrD54BlSDQ2O8PAZ0ArTW6MeXge6Q==",
			"dev": true
		},
		"node_modules/@rbxts/pretty-react-hooks": {
			"version": "0.4.2",
			"resolved": "https://registry.npmjs.org/@rbxts/pretty-react-hooks/-/pretty-react-hooks-0.4.2.tgz",
			"integrity": "sha512-PSHTkfNeG1+sXo1EIuzPmxIcR5BQVcP3MZG7fjUF7ulUfmfbY4AUzCsQoXxYYshavLCBA6OxEigKS+eOJX4kWg==",
			"dependencies": {
				"@rbxts/flipper": "^2.0.1",
				"@rbxts/services": "^1.5.4",
				"@rbxts/set-timeout": "^1.1.2"
			},
			"peerDependencies": {
				"@rbxts/react": "*",
				"@rbxts/react-roblox": "*"
			}
		},
		"node_modules/@rbxts/react": {
			"version": "0.3.3",
			"resolved": "https://registry.npmjs.org/@rbxts/react/-/react-0.3.3.tgz",
			"integrity": "sha512-Nq/h/eW0FtkoFd4MJ0EM4KjtlmiYRaWkYYCJoZsvqqR3m6QiGpfcvGPDdAvQvzqsPdwvISP5EAdPCCzM0WaX3w==",
			"dependencies": {
				"@rbxts/react-vendor": "0.3.3"
			}
		},
		"node_modules/@rbxts/react-reflex": {
			"version": "0.3.4",
			"resolved": "https://registry.npmjs.org/@rbxts/react-reflex/-/react-reflex-0.3.4.tgz",
			"integrity": "sha512-GCXd7PjS/ovxD5v2oWqKMrxXROL5k49DiQC2M4UOUKHp+rGJeRGTlGcThnS7uqg6GZpSaCbPPsDZAx1hm7E2Yw==",
			"peerDependencies": {
				"@rbxts/react": "*",
				"@rbxts/reflex": "*"
			}
		},
		"node_modules/@rbxts/react-roblox": {
			"version": "0.3.3",
			"resolved": "https://registry.npmjs.org/@rbxts/react-roblox/-/react-roblox-0.3.3.tgz",
			"integrity": "sha512-NUcx3z+uBlg4Gv/SSebd9yZG0iIGujKx+OwBsW9qCGHvJQNNmh+BoEnb4D8NNrpIzzV1tnNRTeRXW9qZfMn4hw==",
			"dependencies": {
				"@rbxts/react": "0.3.3",
				"@rbxts/react-vendor": "0.3.3"
			}
		},
		"node_modules/@rbxts/react-vendor": {
			"version": "0.3.3",
			"resolved": "https://registry.npmjs.org/@rbxts/react-vendor/-/react-vendor-0.3.3.tgz",
			"integrity": "sha512-lJ3HBOxayRf9NfkI8T1ZPxTG+dv3mLmV79DcbgTTkpRUe/U4jCdRqLoVyat7ueyBIKha8OSC/jEouyWtdqtJRw=="
		},
		"node_modules/@rbxts/reflex": {
			"version": "4.3.1",
			"resolved": "https://registry.npmjs.org/@rbxts/reflex/-/reflex-4.3.1.tgz",
			"integrity": "sha512-S5MbEpHKeRh9NWhwGJ789WbUsmlAlpQziWaNK4+kz1EpaaQ7uHQMZAuN1DYl4+QkqmOSuPlj04COwmArBGWH1Q=="
		},
		"node_modules/@rbxts/ripple": {
			"version": "0.8.1",
			"resolved": "https://registry.npmjs.org/@rbxts/ripple/-/ripple-0.8.1.tgz",
			"integrity": "sha512-3zQznIQcuXKb6Q0jZpKvhYRdWjQ+sMOBQt3KlQ7as4URiiQyXQCBGx7oWupVwJHuWi4CnpfQVkB2VFDWAmH20Q=="
		},
		"node_modules/@rbxts/services": {
			"version": "1.5.4",
			"resolved": "https://registry.npmjs.org/@rbxts/services/-/services-1.5.4.tgz",
			"integrity": "sha512-Klh+gRIT8zy3xRTX1YD6FZ9nAMzkzPLTHmciigt59PEF7PJXo31CF0IU0RegQ7VSMrz1iOnXwxbIwy3htcMfOA=="
		},
		"node_modules/@rbxts/set-timeout": {
			"version": "1.1.2",
			"resolved": "https://registry.npmjs.org/@rbxts/set-timeout/-/set-timeout-1.1.2.tgz",
			"integrity": "sha512-P/A0IiH9wuZdSJYr4Us0MDFm61nvIFR0acfKFHLkcOsgvIgELC90Up9ugiSsaMEHRIcIcO5UjE39LuS3xTzQHw==",
			"dependencies": {
				"@rbxts/services": "^1.5.1"
			}
		},
		"node_modules/@rbxts/t": {
			"version": "3.1.1",
			"resolved": "https://registry.npmjs.org/@rbxts/t/-/t-3.1.1.tgz",
			"integrity": "sha512-r+IvHHGLt9ZM8+cJAs5Q7ZyGaSlsbkXTaeat85FxRmjjozykHLbQ24rY/5utJbp63a5uCy3Wyl1fGv/Gk/GnIw=="
		},
		"node_modules/@rbxts/types": {
			"version": "1.0.761",
			"resolved": "https://registry.npmjs.org/@rbxts/types/-/types-1.0.761.tgz",
			"integrity": "sha512-sbrnqbDzdlprWGTUCrUWH+dwTPUWBrTrBW3w5lCzELm60ULGSocr25Cv+wo9dFywaS2zazpwCMN+xXyE9BYvIg==",
			"dev": true
		},
		"node_modules/@roblox-ts/luau-ast": {
			"version": "1.0.11",
			"resolved": "https://registry.npmjs.org/@roblox-ts/luau-ast/-/luau-ast-1.0.11.tgz",
			"integrity": "sha512-+maoLYpqY0HK8ugLFHS3qz0phMyDaN3i21jjW75T2ZaqJg84heKDUo98iXClvnx3mUDhW10IxqH+cYJ2iftYhQ==",
			"dev": true
		},
		"node_modules/@roblox-ts/path-translator": {
			"version": "1.0.0",
			"resolved": "https://registry.npmjs.org/@roblox-ts/path-translator/-/path-translator-1.0.0.tgz",
			"integrity": "sha512-Lp6qVUqjmXIrICy2KPKRiX8IkJ+lNqn6RqoUplLiTr+4JehIN+mJv0tTnE72XRyIfcx0VWl5nKrRwUuqcOj1yg==",
			"dev": true,
			"dependencies": {
				"ajv": "^8.12.0",
				"fs-extra": "^11.2.0"
			}
		},
		"node_modules/@roblox-ts/rojo-resolver": {
			"version": "1.0.6",
			"resolved": "https://registry.npmjs.org/@roblox-ts/rojo-resolver/-/rojo-resolver-1.0.6.tgz",
			"integrity": "sha512-+heTECMo6BdH3a3h4DCj+8kJvwKuxWqBevcW/m2BzQaVtmo1GtLa4V4bJCMvDuAMeEqYKQZUB7546nN2dcqqAA==",
			"dev": true,
			"dependencies": {
				"ajv": "^8.12.0",
				"fs-extra": "^11.1.1"
			}
		},
		"node_modules/@types/fs-extra": {
			"version": "11.0.4",
			"resolved": "https://registry.npmjs.org/@types/fs-extra/-/fs-extra-11.0.4.tgz",
			"integrity": "sha512-yTbItCNreRooED33qjunPthRcSjERP1r4MqCZc7wv0u2sUkzTFp45tgUfS5+r7FrZPdmCCNflLhVSP/o+SemsQ==",
			"dev": true,
			"dependencies": {
				"@types/jsonfile": "*",
				"@types/node": "*"
			}
		},
		"node_modules/@types/jsonfile": {
			"version": "6.1.4",
			"resolved": "https://registry.npmjs.org/@types/jsonfile/-/jsonfile-6.1.4.tgz",
			"integrity": "sha512-D5qGUYwjvnNNextdU59/+fI+spnwtTFmyQP0h+PfIOSkNfpU6AOICUOkm4i0OnSk+NyjdPJrxCDro0sJsWlRpQ==",
			"dev": true,
			"dependencies": {
				"@types/node": "*"
			}
		},
		"node_modules/@types/mocha": {
			"version": "10.0.6",
			"resolved": "https://registry.npmjs.org/@types/mocha/-/mocha-10.0.6.tgz",
			"integrity": "sha512-dJvrYWxP/UcXm36Qn36fxhUKu8A/xMRXVT2cliFF1Z7UA9liG5Psj3ezNSZw+5puH2czDXRLcXQxf8JbJt0ejg==",
			"dev": true
		},
		"node_modules/@types/node": {
			"version": "20.11.26",
			"resolved": "https://registry.npmjs.org/@types/node/-/node-20.11.26.tgz",
			"integrity": "sha512-YwOMmyhNnAWijOBQweOJnQPl068Oqd4K3OFbTc6AHJwzweUwwWG3GIFY74OKks2PJUDkQPeddOQES9mLn1CTEQ==",
			"dev": true,
			"dependencies": {
				"undici-types": "~5.26.4"
			}
		},
		"node_modules/@types/prompts": {
			"version": "2.4.9",
			"resolved": "https://registry.npmjs.org/@types/prompts/-/prompts-2.4.9.tgz",
			"integrity": "sha512-qTxFi6Buiu8+50/+3DGIWLHM6QuWsEKugJnnP6iv2Mc4ncxE4A/OJkjuVOA+5X0X1S/nq5VJRa8Lu+nwcvbrKA==",
			"dev": true,
			"dependencies": {
				"@types/node": "*",
				"kleur": "^3.0.3"
			}
		},
		"node_modules/@types/prompts/node_modules/kleur": {
			"version": "3.0.3",
			"resolved": "https://registry.npmjs.org/kleur/-/kleur-3.0.3.tgz",
			"integrity": "sha512-eTIzlVOSUR+JxdDFepEYcBMtZ9Qqdef+rnzWdRZuMbOywu5tO2w2N7rqjoANZ5k9vywhL6Br1VRjUIgTQx4E8w==",
			"dev": true,
			"engines": {
				"node": ">=6"
			}
		},
		"node_modules/@types/resolve": {
			"version": "1.20.6",
			"resolved": "https://registry.npmjs.org/@types/resolve/-/resolve-1.20.6.tgz",
			"integrity": "sha512-A4STmOXPhMUtHH+S6ymgE2GiBSMqf4oTvcQZMcHzokuTLVYzXTB8ttjcgxOVaAp2lGwEdzZ0J+cRbbeevQj1UQ==",
			"dev": true
		},
		"node_modules/@types/ts-expose-internals": {
			"name": "ts-expose-internals",
			"version": "5.3.3",
			"resolved": "https://registry.npmjs.org/ts-expose-internals/-/ts-expose-internals-5.3.3.tgz",
			"integrity": "sha512-0lW96u0pa08dq9QLYUBRbgGkvsD+LvPAVGe94kr2tHaRZAxgckwJ+qqc1BSRoR1rpkTZf7AWAa6DKrLGFmctwg==",
			"dev": true
		},
		"node_modules/@types/yargs": {
			"version": "17.0.32",
			"resolved": "https://registry.npmjs.org/@types/yargs/-/yargs-17.0.32.tgz",
			"integrity": "sha512-xQ67Yc/laOG5uMfX/093MRlGGCIBzZMarVa+gfNKJxWAIgykYpVGkBdbqEzGDDfCrVUj6Hiff4mTZ5BA6TmAog==",
			"dev": true,
			"dependencies": {
				"@types/yargs-parser": "*"
			}
		},
		"node_modules/@types/yargs-parser": {
			"version": "21.0.3",
			"resolved": "https://registry.npmjs.org/@types/yargs-parser/-/yargs-parser-21.0.3.tgz",
			"integrity": "sha512-I4q9QU9MQv4oEOz4tAHJtNz1cwuLxn2F3xcc2iV5WdqLPpUnj30aUuxt1mAxYTG+oe8CZMV/+6rU4S4gRDzqtQ==",
			"dev": true
		},
		"node_modules/ajv": {
			"version": "8.12.0",
			"resolved": "https://registry.npmjs.org/ajv/-/ajv-8.12.0.tgz",
			"integrity": "sha512-sRu1kpcO9yLtYxBKvqfTeh9KzZEwO3STyX1HT+4CaDzC6HpTGYhIhPIzj9XuKU7KYDwnaeh5hcOwjy1QuJzBPA==",
			"dev": true,
			"dependencies": {
				"fast-deep-equal": "^3.1.1",
				"json-schema-traverse": "^1.0.0",
				"require-from-string": "^2.0.2",
				"uri-js": "^4.2.2"
			},
			"funding": {
				"type": "github",
				"url": "https://github.com/sponsors/epoberezkin"
			}
		},
		"node_modules/ansi-regex": {
			"version": "5.0.1",
			"resolved": "https://registry.npmjs.org/ansi-regex/-/ansi-regex-5.0.1.tgz",
			"integrity": "sha512-quJQXlTSUGL2LH9SUXo8VwsY4soanhgo6LNSm84E1LBcE8s3O0wpdiRzyR9z/ZZJMlMWv37qOOb9pdJlMUEKFQ==",
			"dev": true,
			"engines": {
				"node": ">=8"
			}
		},
		"node_modules/ansi-styles": {
			"version": "4.3.0",
			"resolved": "https://registry.npmjs.org/ansi-styles/-/ansi-styles-4.3.0.tgz",
			"integrity": "sha512-zbB9rCJAT1rbjiVDb2hqKFHNYLxgtk8NURxZ3IZwD3F6NtxbXZQCnnSi1Lkx+IDohdPlFp222wVALIheZJQSEg==",
			"dev": true,
			"dependencies": {
				"color-convert": "^2.0.1"
			},
			"engines": {
				"node": ">=8"
			},
			"funding": {
				"url": "https://github.com/chalk/ansi-styles?sponsor=1"
			}
		},
		"node_modules/anymatch": {
			"version": "3.1.3",
			"resolved": "https://registry.npmjs.org/anymatch/-/anymatch-3.1.3.tgz",
			"integrity": "sha512-KMReFUr0B4t+D+OBkjR3KYqvocp2XaSzO55UcB6mgQMd3KbcE+mWTyvVV7D/zsdEbNnV6acZUutkiHQXvTr1Rw==",
			"dev": true,
			"dependencies": {
				"normalize-path": "^3.0.0",
				"picomatch": "^2.0.4"
			},
			"engines": {
				"node": ">= 8"
			}
		},
		"node_modules/binary-extensions": {
			"version": "2.2.0",
			"resolved": "https://registry.npmjs.org/binary-extensions/-/binary-extensions-2.2.0.tgz",
			"integrity": "sha512-jDctJ/IVQbZoJykoeHbhXpOlNBqGNcwXJKJog42E5HDPUwQTSdjCHdihjj0DlnheQ7blbT6dHOafNAiS8ooQKA==",
			"dev": true,
			"engines": {
				"node": ">=8"
			}
		},
		"node_modules/braces": {
			"version": "3.0.2",
			"resolved": "https://registry.npmjs.org/braces/-/braces-3.0.2.tgz",
			"integrity": "sha512-b8um+L1RzM3WDSzvhm6gIz1yfTbBt6YTlcEKAvsmqCZZFw46z626lVj9j1yEPW33H5H+lBQpZMP1k8l+78Ha0A==",
			"dev": true,
			"dependencies": {
				"fill-range": "^7.0.1"
			},
			"engines": {
				"node": ">=8"
			}
		},
		"node_modules/chokidar": {
			"version": "3.6.0",
			"resolved": "https://registry.npmjs.org/chokidar/-/chokidar-3.6.0.tgz",
			"integrity": "sha512-7VT13fmjotKpGipCW9JEQAusEPE+Ei8nl6/g4FBAmIm0GOOLMua9NDDo/DWp0ZAxCr3cPq5ZpBqmPAQgDda2Pw==",
			"dev": true,
			"dependencies": {
				"anymatch": "~3.1.2",
				"braces": "~3.0.2",
				"glob-parent": "~5.1.2",
				"is-binary-path": "~2.1.0",
				"is-glob": "~4.0.1",
				"normalize-path": "~3.0.0",
				"readdirp": "~3.6.0"
			},
			"engines": {
				"node": ">= 8.10.0"
			},
			"funding": {
				"url": "https://paulmillr.com/funding/"
			},
			"optionalDependencies": {
				"fsevents": "~2.3.2"
			}
		},
		"node_modules/cliui": {
			"version": "8.0.1",
			"resolved": "https://registry.npmjs.org/cliui/-/cliui-8.0.1.tgz",
			"integrity": "sha512-BSeNnyus75C4//NQ9gQt1/csTXyo/8Sb+afLAkzAptFuMsod9HFokGNudZpi/oQV73hnVK+sR+5PVRMd+Dr7YQ==",
			"dev": true,
			"dependencies": {
				"string-width": "^4.2.0",
				"strip-ansi": "^6.0.1",
				"wrap-ansi": "^7.0.0"
			},
			"engines": {
				"node": ">=12"
			}
		},
		"node_modules/color-convert": {
			"version": "2.0.1",
			"resolved": "https://registry.npmjs.org/color-convert/-/color-convert-2.0.1.tgz",
			"integrity": "sha512-RRECPsj7iu/xb5oKYcsFHSppFNnsj/52OVTRKb4zP5onXwVF3zVmmToNcOfGC+CRDpfK/U584fMg38ZHCaElKQ==",
			"dev": true,
			"dependencies": {
				"color-name": "~1.1.4"
			},
			"engines": {
				"node": ">=7.0.0"
			}
		},
		"node_modules/color-name": {
			"version": "1.1.4",
			"resolved": "https://registry.npmjs.org/color-name/-/color-name-1.1.4.tgz",
			"integrity": "sha512-dOy+3AuW3a2wNbZHIuMZpTcgjGuLU/uBL/ubcZF9OXbDo8ff4O8yVp5Bf0efS8uEoYo5q4Fx7dY9OgQGXgAsQA==",
			"dev": true
		},
		"node_modules/emoji-regex": {
			"version": "8.0.0",
			"resolved": "https://registry.npmjs.org/emoji-regex/-/emoji-regex-8.0.0.tgz",
			"integrity": "sha512-MSjYzcWNOA0ewAHpz0MxpYFvwg6yjy1NG3xteoqz644VCo/RPgnr1/GGt+ic3iJTzQ8Eu3TdM14SawnVUmGE6A==",
			"dev": true
		},
		"node_modules/escalade": {
			"version": "3.1.2",
			"resolved": "https://registry.npmjs.org/escalade/-/escalade-3.1.2.tgz",
			"integrity": "sha512-ErCHMCae19vR8vQGe50xIsVomy19rg6gFu3+r3jkEO46suLMWBksvVyoGgQV+jOfl84ZSOSlmv6Gxa89PmTGmA==",
			"dev": true,
			"engines": {
				"node": ">=6"
			}
		},
		"node_modules/fast-deep-equal": {
			"version": "3.1.3",
			"resolved": "https://registry.npmjs.org/fast-deep-equal/-/fast-deep-equal-3.1.3.tgz",
			"integrity": "sha512-f3qQ9oQy9j2AhBe/H9VC91wLmKBCCU/gDOnKNAYG5hswO7BLKj09Hc5HYNz9cGI++xlpDCIgDaitVs03ATR84Q==",
			"dev": true
		},
		"node_modules/fill-range": {
			"version": "7.0.1",
			"resolved": "https://registry.npmjs.org/fill-range/-/fill-range-7.0.1.tgz",
			"integrity": "sha512-qOo9F+dMUmC2Lcb4BbVvnKJxTPjCm+RRpe4gDuGrzkL7mEVl/djYSu2OdQ2Pa302N4oqkSg9ir6jaLWJ2USVpQ==",
			"dev": true,
			"dependencies": {
				"to-regex-range": "^5.0.1"
			},
			"engines": {
				"node": ">=8"
			}
		},
		"node_modules/fs-extra": {
			"version": "11.2.0",
			"resolved": "https://registry.npmjs.org/fs-extra/-/fs-extra-11.2.0.tgz",
			"integrity": "sha512-PmDi3uwK5nFuXh7XDTlVnS17xJS7vW36is2+w3xcv8SVxiB4NyATf4ctkVY5bkSjX0Y4nbvZCq1/EjtEyr9ktw==",
			"dev": true,
			"dependencies": {
				"graceful-fs": "^4.2.0",
				"jsonfile": "^6.0.1",
				"universalify": "^2.0.0"
			},
			"engines": {
				"node": ">=14.14"
			}
		},
		"node_modules/fsevents": {
			"version": "2.3.3",
			"resolved": "https://registry.npmjs.org/fsevents/-/fsevents-2.3.3.tgz",
			"integrity": "sha512-5xoDfX+fL7faATnagmWPpbFtwh/R77WmMMqqHGS65C3vvB0YHrgF+B1YmZ3441tMj5n63k0212XNoJwzlhffQw==",
			"dev": true,
			"hasInstallScript": true,
			"optional": true,
			"os": [
				"darwin"
			],
			"engines": {
				"node": "^8.16.0 || ^10.6.0 || >=11.0.0"
			}
		},
		"node_modules/function-bind": {
			"version": "1.1.2",
			"resolved": "https://registry.npmjs.org/function-bind/-/function-bind-1.1.2.tgz",
			"integrity": "sha512-7XHNxH7qX9xG5mIwxkhumTox/MIRNcOgDrxWsMt2pAr23WHp6MrRlN7FBSFpCpr+oVO0F744iUgR82nJMfG2SA==",
			"dev": true,
			"funding": {
				"url": "https://github.com/sponsors/ljharb"
			}
		},
		"node_modules/get-caller-file": {
			"version": "2.0.5",
			"resolved": "https://registry.npmjs.org/get-caller-file/-/get-caller-file-2.0.5.tgz",
			"integrity": "sha512-DyFP3BM/3YHTQOCUL/w0OZHR0lpKeGrxotcHWcqNEdnltqFwXVfhEBQ94eIo34AfQpo0rGki4cyIiftY06h2Fg==",
			"dev": true,
			"engines": {
				"node": "6.* || 8.* || >= 10.*"
			}
		},
		"node_modules/glob-parent": {
			"version": "5.1.2",
			"resolved": "https://registry.npmjs.org/glob-parent/-/glob-parent-5.1.2.tgz",
			"integrity": "sha512-AOIgSQCepiJYwP3ARnGx+5VnTu2HBYdzbGP45eLw1vr3zB3vZLeyed1sC9hnbcOc9/SrMyM5RPQrkGz4aS9Zow==",
			"dev": true,
			"dependencies": {
				"is-glob": "^4.0.1"
			},
			"engines": {
				"node": ">= 6"
			}
		},
		"node_modules/graceful-fs": {
			"version": "4.2.11",
			"resolved": "https://registry.npmjs.org/graceful-fs/-/graceful-fs-4.2.11.tgz",
			"integrity": "sha512-RbJ5/jmFcNNCcDV5o9eTnBLJ/HszWV0P73bc+Ff4nS/rJj+YaS6IGyiOL0VoBYX+l1Wrl3k63h/KrH+nhJ0XvQ==",
			"dev": true
		},
		"node_modules/hasown": {
			"version": "2.0.0",
			"resolved": "https://registry.npmjs.org/hasown/-/hasown-2.0.0.tgz",
			"integrity": "sha512-vUptKVTpIJhcczKBbgnS+RtcuYMB8+oNzPK2/Hp3hanz8JmpATdmmgLgSaadVREkDm+e2giHwY3ZRkyjSIDDFA==",
			"dev": true,
			"dependencies": {
				"function-bind": "^1.1.2"
			},
			"engines": {
				"node": ">= 0.4"
			}
		},
		"node_modules/is-binary-path": {
			"version": "2.1.0",
			"resolved": "https://registry.npmjs.org/is-binary-path/-/is-binary-path-2.1.0.tgz",
			"integrity": "sha512-ZMERYes6pDydyuGidse7OsHxtbI7WVeUEozgR/g7rd0xUimYNlvZRE/K2MgZTjWy725IfelLeVcEM97mmtRGXw==",
			"dev": true,
			"dependencies": {
				"binary-extensions": "^2.0.0"
			},
			"engines": {
				"node": ">=8"
			}
		},
		"node_modules/is-core-module": {
			"version": "2.13.1",
			"resolved": "https://registry.npmjs.org/is-core-module/-/is-core-module-2.13.1.tgz",
			"integrity": "sha512-hHrIjvZsftOsvKSn2TRYl63zvxsgE0K+0mYMoH6gD4omR5IWB2KynivBQczo3+wF1cCkjzvptnI9Q0sPU66ilw==",
			"dev": true,
			"dependencies": {
				"hasown": "^2.0.0"
			},
			"funding": {
				"url": "https://github.com/sponsors/ljharb"
			}
		},
		"node_modules/is-extglob": {
			"version": "2.1.1",
			"resolved": "https://registry.npmjs.org/is-extglob/-/is-extglob-2.1.1.tgz",
			"integrity": "sha512-SbKbANkN603Vi4jEZv49LeVJMn4yGwsbzZworEoyEiutsN3nJYdbO36zfhGJ6QEDpOZIFkDtnq5JRxmvl3jsoQ==",
			"dev": true,
			"engines": {
				"node": ">=0.10.0"
			}
		},
		"node_modules/is-fullwidth-code-point": {
			"version": "3.0.0",
			"resolved": "https://registry.npmjs.org/is-fullwidth-code-point/-/is-fullwidth-code-point-3.0.0.tgz",
			"integrity": "sha512-zymm5+u+sCsSWyD9qNaejV3DFvhCKclKdizYaJUuHA83RLjb7nSuGnddCHGv0hk+KY7BMAlsWeK4Ueg6EV6XQg==",
			"dev": true,
			"engines": {
				"node": ">=8"
			}
		},
		"node_modules/is-glob": {
			"version": "4.0.3",
			"resolved": "https://registry.npmjs.org/is-glob/-/is-glob-4.0.3.tgz",
			"integrity": "sha512-xelSayHH36ZgE7ZWhli7pW34hNbNl8Ojv5KVmkJD4hBdD3th8Tfk9vYasLM+mXWOZhFkgZfxhLSnrwRr4elSSg==",
			"dev": true,
			"dependencies": {
				"is-extglob": "^2.1.1"
			},
			"engines": {
				"node": ">=0.10.0"
			}
		},
		"node_modules/is-number": {
			"version": "7.0.0",
			"resolved": "https://registry.npmjs.org/is-number/-/is-number-7.0.0.tgz",
			"integrity": "sha512-41Cifkg6e8TylSpdtTpeLVMqvSBEVzTttHvERD741+pnZ8ANv0004MRL43QKPDlK9cGvNp6NZWZUBlbGXYxxng==",
			"dev": true,
			"engines": {
				"node": ">=0.12.0"
			}
		},
		"node_modules/json-schema-traverse": {
			"version": "1.0.0",
			"resolved": "https://registry.npmjs.org/json-schema-traverse/-/json-schema-traverse-1.0.0.tgz",
			"integrity": "sha512-NM8/P9n3XjXhIZn1lLhkFaACTOURQXjWhV4BA/RnOv8xvgqtqpAX9IO4mRQxSx1Rlo4tqzeqb0sOlruaOy3dug==",
			"dev": true
		},
		"node_modules/jsonfile": {
			"version": "6.1.0",
			"resolved": "https://registry.npmjs.org/jsonfile/-/jsonfile-6.1.0.tgz",
			"integrity": "sha512-5dgndWOriYSm5cnYaJNhalLNDKOqFwyDB/rr1E9ZsGciGvKPs8R2xYGCacuf3z6K1YKDz182fd+fY3cn3pMqXQ==",
			"dev": true,
			"dependencies": {
				"universalify": "^2.0.0"
			},
			"optionalDependencies": {
				"graceful-fs": "^4.1.6"
			}
		},
		"node_modules/kleur": {
			"version": "4.1.5",
			"resolved": "https://registry.npmjs.org/kleur/-/kleur-4.1.5.tgz",
			"integrity": "sha512-o+NO+8WrRiQEE4/7nwRJhN1HWpVmJm511pBHUxPLtp0BUISzlBplORYSmTclCnJvQq2tKu/sgl3xVpkc7ZWuQQ==",
			"dev": true,
			"engines": {
				"node": ">=6"
			}
		},
		"node_modules/normalize-path": {
			"version": "3.0.0",
			"resolved": "https://registry.npmjs.org/normalize-path/-/normalize-path-3.0.0.tgz",
			"integrity": "sha512-6eZs5Ls3WtCisHWp9S2GUy8dqkpGi4BVSz3GaqiE6ezub0512ESztXUwUB6C6IKbQkY2Pnb/mD4WYojCRwcwLA==",
			"dev": true,
			"engines": {
				"node": ">=0.10.0"
			}
		},
		"node_modules/path-parse": {
			"version": "1.0.7",
			"resolved": "https://registry.npmjs.org/path-parse/-/path-parse-1.0.7.tgz",
			"integrity": "sha512-LDJzPVEEEPR+y48z93A0Ed0yXb8pAByGWo/k5YYdYgpY2/2EsOsksJrq7lOHxryrVOn1ejG6oAp8ahvOIQD8sw==",
			"dev": true
		},
		"node_modules/picomatch": {
			"version": "2.3.1",
			"resolved": "https://registry.npmjs.org/picomatch/-/picomatch-2.3.1.tgz",
			"integrity": "sha512-JU3teHTNjmE2VCGFzuY8EXzCDVwEqB2a8fsIvwaStHhAWJEeVd1o1QD80CU6+ZdEXXSLbSsuLwJjkCBWqRQUVA==",
			"dev": true,
			"engines": {
				"node": ">=8.6"
			},
			"funding": {
				"url": "https://github.com/sponsors/jonschlinkert"
			}
		},
		"node_modules/punycode": {
			"version": "2.3.1",
			"resolved": "https://registry.npmjs.org/punycode/-/punycode-2.3.1.tgz",
			"integrity": "sha512-vYt7UD1U9Wg6138shLtLOvdAu+8DsC/ilFtEVHcH+wydcSpNE20AfSOduf6MkRFahL5FY7X1oU7nKVZFtfq8Fg==",
			"dev": true,
			"engines": {
				"node": ">=6"
			}
		},
		"node_modules/readdirp": {
			"version": "3.6.0",
			"resolved": "https://registry.npmjs.org/readdirp/-/readdirp-3.6.0.tgz",
			"integrity": "sha512-hOS089on8RduqdbhvQ5Z37A0ESjsqz6qnRcffsMU3495FuTdqSm+7bhJ29JvIOsBDEEnan5DPu9t3To9VRlMzA==",
			"dev": true,
			"dependencies": {
				"picomatch": "^2.2.1"
			},
			"engines": {
				"node": ">=8.10.0"
			}
		},
		"node_modules/require-directory": {
			"version": "2.1.1",
			"resolved": "https://registry.npmjs.org/require-directory/-/require-directory-2.1.1.tgz",
			"integrity": "sha512-fGxEI7+wsG9xrvdjsrlmL22OMTTiHRwAMroiEeMgq8gzoLC/PQr7RsRDSTLUg/bZAZtF+TVIkHc6/4RIKrui+Q==",
			"dev": true,
			"engines": {
				"node": ">=0.10.0"
			}
		},
		"node_modules/require-from-string": {
			"version": "2.0.2",
			"resolved": "https://registry.npmjs.org/require-from-string/-/require-from-string-2.0.2.tgz",
			"integrity": "sha512-Xf0nWe6RseziFMu+Ap9biiUbmplq6S9/p+7w7YXP/JBHhrUDDUhwa+vANyubuqfZWTveU//DYVGsDG7RKL/vEw==",
			"dev": true,
			"engines": {
				"node": ">=0.10.0"
			}
		},
		"node_modules/resolve": {
			"version": "1.22.8",
			"resolved": "https://registry.npmjs.org/resolve/-/resolve-1.22.8.tgz",
			"integrity": "sha512-oKWePCxqpd6FlLvGV1VU0x7bkPmmCNolxzjMf4NczoDnQcIWrAF+cPtZn5i6n+RfD2d9i0tzpKnG6Yk168yIyw==",
			"dev": true,
			"dependencies": {
				"is-core-module": "^2.13.0",
				"path-parse": "^1.0.7",
				"supports-preserve-symlinks-flag": "^1.0.0"
			},
			"bin": {
				"resolve": "bin/resolve"
			},
			"funding": {
				"url": "https://github.com/sponsors/ljharb"
			}
		},
		"node_modules/roblox-ts": {
			"version": "2.3.0-dev-a25975b",
			"resolved": "https://registry.npmjs.org/roblox-ts/-/roblox-ts-2.3.0-dev-a25975b.tgz",
			"integrity": "sha512-O+A7IxZRXsYYErani8whQj7FyHhx4KxwCuZTvnLiNjB0DsquhK7CCYMd2J0kWZu6DwNCC28ugtDIoJA791KTGA==",
			"dev": true,
			"dependencies": {
				"@roblox-ts/luau-ast": "^1.0.11",
				"@roblox-ts/path-translator": "^1.0.0",
				"@roblox-ts/rojo-resolver": "^1.0.6",
				"@types/fs-extra": "^11.0.4",
				"@types/mocha": "^10.0.6",
				"@types/node": "^20.11.26",
				"@types/prompts": "^2.4.9",
				"@types/resolve": "^1.20.6",
				"@types/ts-expose-internals": "npm:ts-expose-internals@=5.3.3",
				"@types/yargs": "^17.0.32",
				"chokidar": "^3.6.0",
				"fs-extra": "^11.2.0",
				"kleur": "^4.1.5",
				"resolve": "^1.22.6",
				"typescript": "=5.4.2",
				"yargs": "^17.7.2"
			},
			"bin": {
				"rbxtsc": "out/CLI/cli.js"
			}
		},
		"node_modules/string-width": {
			"version": "4.2.3",
			"resolved": "https://registry.npmjs.org/string-width/-/string-width-4.2.3.tgz",
			"integrity": "sha512-wKyQRQpjJ0sIp62ErSZdGsjMJWsap5oRNihHhu6G7JVO/9jIB6UyevL+tXuOqrng8j/cxKTWyWUwvSTriiZz/g==",
			"dev": true,
			"dependencies": {
				"emoji-regex": "^8.0.0",
				"is-fullwidth-code-point": "^3.0.0",
				"strip-ansi": "^6.0.1"
			},
			"engines": {
				"node": ">=8"
			}
		},
		"node_modules/strip-ansi": {
			"version": "6.0.1",
			"resolved": "https://registry.npmjs.org/strip-ansi/-/strip-ansi-6.0.1.tgz",
			"integrity": "sha512-Y38VPSHcqkFrCpFnQ9vuSXmquuv5oXOKpGeT6aGrr3o3Gc9AlVa6JBfUSOCnbxGGZF+/0ooI7KrPuUSztUdU5A==",
			"dev": true,
			"dependencies": {
				"ansi-regex": "^5.0.1"
			},
			"engines": {
				"node": ">=8"
			}
		},
		"node_modules/supports-preserve-symlinks-flag": {
			"version": "1.0.0",
			"resolved": "https://registry.npmjs.org/supports-preserve-symlinks-flag/-/supports-preserve-symlinks-flag-1.0.0.tgz",
			"integrity": "sha512-ot0WnXS9fgdkgIcePe6RHNk1WA8+muPa6cSjeR3V8K27q9BB1rTE3R1p7Hv0z1ZyAc8s6Vvv8DIyWf681MAt0w==",
			"dev": true,
			"engines": {
				"node": ">= 0.4"
			},
			"funding": {
				"url": "https://github.com/sponsors/ljharb"
			}
		},
		"node_modules/to-regex-range": {
			"version": "5.0.1",
			"resolved": "https://registry.npmjs.org/to-regex-range/-/to-regex-range-5.0.1.tgz",
			"integrity": "sha512-65P7iz6X5yEr1cwcgvQxbbIw7Uk3gOy5dIdtZ4rDveLqhrdJP+Li/Hx6tyK0NEb+2GCyneCMJiGqrADCSNk8sQ==",
			"dev": true,
			"dependencies": {
				"is-number": "^7.0.0"
			},
			"engines": {
				"node": ">=8.0"
			}
		},
		"node_modules/typescript": {
			"version": "5.4.2",
			"resolved": "https://registry.npmjs.org/typescript/-/typescript-5.4.2.tgz",
			"integrity": "sha512-+2/g0Fds1ERlP6JsakQQDXjZdZMM+rqpamFZJEKh4kwTIn3iDkgKtby0CeNd5ATNZ4Ry1ax15TMx0W2V+miizQ==",
			"dev": true,
			"bin": {
				"tsc": "bin/tsc",
				"tsserver": "bin/tsserver"
			},
			"engines": {
				"node": ">=14.17"
			}
		},
		"node_modules/undici-types": {
			"version": "5.26.5",
			"resolved": "https://registry.npmjs.org/undici-types/-/undici-types-5.26.5.tgz",
			"integrity": "sha512-JlCMO+ehdEIKqlFxk6IfVoAUVmgz7cU7zD/h9XZ0qzeosSHmUJVOzSQvvYSYWXkFXC+IfLKSIffhv0sVZup6pA==",
			"dev": true
		},
		"node_modules/universalify": {
			"version": "2.0.1",
			"resolved": "https://registry.npmjs.org/universalify/-/universalify-2.0.1.tgz",
			"integrity": "sha512-gptHNQghINnc/vTGIk0SOFGFNXw7JVrlRUtConJRlvaw6DuX0wO5Jeko9sWrMBhh+PsYAZ7oXAiOnf/UKogyiw==",
			"dev": true,
			"engines": {
				"node": ">= 10.0.0"
			}
		},
		"node_modules/uri-js": {
			"version": "4.4.1",
			"resolved": "https://registry.npmjs.org/uri-js/-/uri-js-4.4.1.tgz",
			"integrity": "sha512-7rKUyy33Q1yc98pQ1DAmLtwX109F7TIfWlW1Ydo8Wl1ii1SeHieeh0HHfPeL2fMXK6z0s8ecKs9frCuLJvndBg==",
			"dev": true,
			"dependencies": {
				"punycode": "^2.1.0"
			}
		},
		"node_modules/wrap-ansi": {
			"version": "7.0.0",
			"resolved": "https://registry.npmjs.org/wrap-ansi/-/wrap-ansi-7.0.0.tgz",
			"integrity": "sha512-YVGIj2kamLSTxw6NsZjoBxfSwsn0ycdesmc4p+Q21c5zPuZ1pl+NfxVdxPtdHvmNVOQ6XSYG4AUtyt/Fi7D16Q==",
			"dev": true,
			"dependencies": {
				"ansi-styles": "^4.0.0",
				"string-width": "^4.1.0",
				"strip-ansi": "^6.0.0"
			},
			"engines": {
				"node": ">=10"
			},
			"funding": {
				"url": "https://github.com/chalk/wrap-ansi?sponsor=1"
			}
		},
		"node_modules/y18n": {
			"version": "5.0.8",
			"resolved": "https://registry.npmjs.org/y18n/-/y18n-5.0.8.tgz",
			"integrity": "sha512-0pfFzegeDWJHJIAmTLRP2DwHjdF5s7jo9tuztdQxAhINCdvS+3nGINqPd00AphqJR/0LhANUS6/+7SCb98YOfA==",
			"dev": true,
			"engines": {
				"node": ">=10"
			}
		},
		"node_modules/yargs": {
			"version": "17.7.2",
			"resolved": "https://registry.npmjs.org/yargs/-/yargs-17.7.2.tgz",
			"integrity": "sha512-7dSzzRQ++CKnNI/krKnYRV7JKKPUXMEh61soaHKg9mrWEhzFWhFnxPxGl+69cD1Ou63C13NUPCnmIcrvqCuM6w==",
			"dev": true,
			"dependencies": {
				"cliui": "^8.0.1",
				"escalade": "^3.1.1",
				"get-caller-file": "^2.0.5",
				"require-directory": "^2.1.1",
				"string-width": "^4.2.3",
				"y18n": "^5.0.5",
				"yargs-parser": "^21.1.1"
			},
			"engines": {
				"node": ">=12"
			}
		},
		"node_modules/yargs-parser": {
			"version": "21.1.1",
			"resolved": "https://registry.npmjs.org/yargs-parser/-/yargs-parser-21.1.1.tgz",
			"integrity": "sha512-tVpsJW7DdjecAiFpbIB1e3qxIQsE6NoPc5/eTdrbbIC4h0LVsWhnoa3g+m2HclBIujHzsxZ4VJVA+GUuc2/LBw==",
			"dev": true,
			"engines": {
				"node": ">=12"
			}
		}
	}
}
