lockfileVersion: '6.0'

settings:
  autoInstallPeers: true
  excludeLinksFromLockfile: false

dependencies:
  '@rbxts/pretty-react-hooks':
    specifier: ^0.3.3
    version: 0.3.3(@rbxts/flipper@2.0.1)(@rbxts/react-roblox@0.2.0)(@rbxts/react-ts@1.0.1)
  '@rbxts/react-reflex':
    specifier: ^0.2.0
    version: 0.2.0(@rbxts/react-ts@1.0.1)(@rbxts/reflex@4.3.1)
  '@rbxts/react-roblox':
    specifier: ^0.2.0
    version: 0.2.0
  '@rbxts/reflex':
    specifier: ^4.3.1
    version: 4.3.1
  '@rbxts/remo':
    specifier: ^1.3.1
    version: 1.3.1
  '@rbxts/ripple':
    specifier: ^0.8.1
    version: 0.8.1
  '@rbxts/roact':
    specifier: npm:@rbxts/react-ts@^1.0.1
    version: /@rbxts/react-ts@1.0.1
  '@rbxts/rust-classes':
    specifier: ^0.12.0
    version: 0.12.0
  '@rbxts/services':
    specifier: ^1.5.3
    version: 1.5.3
  '@rbxts/sift':
    specifier: ^0.0.8
    version: 0.0.8
  '@rbxts/t':
    specifier: ^3.1.1
    version: 3.1.1

devDependencies:
  '@biomejs/biome':
    specifier: 1.5.3
    version: 1.5.3
  '@rbxts/compiler-types':
    specifier: 2.2.0-types.0
    version: 2.2.0-types.0
  '@rbxts/midori':
    specifier: ^0.1.3
    version: 0.1.3
  '@rbxts/types':
    specifier: ^1.0.749
    version: 1.0.749
  roblox-ts:
    specifier: ^2.2.0
    version: 2.2.0
  typescript:
    specifier: '=5.2'
    version: 5.2.2

packages:

  /@biomejs/biome@1.5.3:
    resolution: {integrity: sha512-yvZCa/g3akwTaAQ7PCwPWDCkZs3Qa5ONg/fgOUT9e6wAWsPftCjLQFPXBeGxPK30yZSSpgEmRCfpGTmVbUjGgg==}
    engines: {node: '>=14.*'}
    hasBin: true
    requiresBuild: true
    optionalDependencies:
      '@biomejs/cli-darwin-arm64': 1.5.3
      '@biomejs/cli-darwin-x64': 1.5.3
      '@biomejs/cli-linux-arm64': 1.5.3
      '@biomejs/cli-linux-arm64-musl': 1.5.3
      '@biomejs/cli-linux-x64': 1.5.3
      '@biomejs/cli-linux-x64-musl': 1.5.3
      '@biomejs/cli-win32-arm64': 1.5.3
      '@biomejs/cli-win32-x64': 1.5.3
    dev: true

  /@biomejs/cli-darwin-arm64@1.5.3:
    resolution: {integrity: sha512-ImU7mh1HghEDyqNmxEZBoMPr8SxekkZuYcs+gynKlNW+TALQs7swkERiBLkG9NR0K1B3/2uVzlvYowXrmlW8hw==}
    engines: {node: '>=14.*'}
    cpu: [arm64]
    os: [darwin]
    requiresBuild: true
    dev: true
    optional: true

  /@biomejs/cli-darwin-x64@1.5.3:
    resolution: {integrity: sha512-vCdASqYnlpq/swErH7FD6nrFz0czFtK4k/iLgj0/+VmZVjineFPgevOb+Sr9vz0tk0GfdQO60bSpI74zU8M9Dw==}
    engines: {node: '>=14.*'}
    cpu: [x64]
    os: [darwin]
    requiresBuild: true
    dev: true
    optional: true

  /@biomejs/cli-linux-arm64-musl@1.5.3:
    resolution: {integrity: sha512-DYuMizUYUBYfS0IHGjDrOP1RGipqWfMGEvNEJ398zdtmCKLXaUvTimiox5dvx4X15mBK5M2m8wgWUgOP1giUpQ==}
    engines: {node: '>=14.*'}
    cpu: [arm64]
    os: [linux]
    requiresBuild: true
    dev: true
    optional: true

  /@biomejs/cli-linux-arm64@1.5.3:
    resolution: {integrity: sha512-cupBQv0sNF1OKqBfx7EDWMSsKwRrBUZfjXawT4s6hKV6ALq7p0QzWlxr/sDmbKMLOaLQtw2Qgu/77N9rm+f9Rg==}
    engines: {node: '>=14.*'}
    cpu: [arm64]
    os: [linux]
    requiresBuild: true
    dev: true
    optional: true

  /@biomejs/cli-linux-x64-musl@1.5.3:
    resolution: {integrity: sha512-UUHiAnlDqr2Y/LpvshBFhUYMWkl2/Jn+bi3U6jKuav0qWbbBKU/ByHgR4+NBxpKBYoCtWxhnmatfH1bpPIuZMw==}
    engines: {node: '>=14.*'}
    cpu: [x64]
    os: [linux]
    requiresBuild: true
    dev: true
    optional: true

  /@biomejs/cli-linux-x64@1.5.3:
    resolution: {integrity: sha512-YQrSArQvcv4FYsk7Q91Yv4uuu5F8hJyORVcv3zsjCLGkjIjx2RhjYLpTL733SNL7v33GmOlZY0eFR1ko38tuUw==}
    engines: {node: '>=14.*'}
    cpu: [x64]
    os: [linux]
    requiresBuild: true
    dev: true
    optional: true

  /@biomejs/cli-win32-arm64@1.5.3:
    resolution: {integrity: sha512-HxatYH7vf/kX9nrD+pDYuV2GI9GV8EFo6cfKkahAecTuZLPxryHx1WEfJthp5eNsE0+09STGkKIKjirP0ufaZA==}
    engines: {node: '>=14.*'}
    cpu: [arm64]
    os: [win32]
    requiresBuild: true
    dev: true
    optional: true

  /@biomejs/cli-win32-x64@1.5.3:
    resolution: {integrity: sha512-fMvbSouZEASU7mZH8SIJSANDm5OqsjgtVXlbUqxwed6BP7uuHRSs396Aqwh2+VoW8fwTpp6ybIUoC9FrzB0kyA==}
    engines: {node: '>=14.*'}
    cpu: [x64]
    os: [win32]
    requiresBuild: true
    dev: true
    optional: true

  /@rbxts/compiler-types@2.2.0-types.0:
    resolution: {integrity: sha512-ycsIGfp49MypbRi4eEPCXTjbb2iLKL1/2GjRrFLuLJL74fCfVtbAXIo2LiZhPrgqIiBLomb4JN5Rcqv4304bzw==}
    dev: true

  /@rbxts/flipper@2.0.1:
    resolution: {integrity: sha512-kxb5AZizP05XSmo3waS/QkcfNMD5b6HX4gGwyHOyBow260R5MIT4L/ZUPLvleXXyb9b67X4NVmHoac1tPXOLNA==}
    dev: false

  /@rbxts/luau-polyfill-internal@1.2.3-ts.0:
    resolution: {integrity: sha512-LG1h4uf+MpMxu6RfOLowRe+NOs2SWXzCmYd49WvfR8ZKVUNHvT0BeVIL9rS9q//mTlz8BXDyl5EVIyjnKgsekA==}
    dev: false

  /@rbxts/midori@0.1.3:
    resolution: {integrity: sha512-GT3P4ETL2k3SuCx7hw6CnSWthti5NpJ74GN3WEhFTNIjcHHbb7DzH8OxVdrD54BlSDQ2O8PAZ0ArTW6MeXge6Q==}
    dev: true

  /@rbxts/pretty-react-hooks@0.3.3(@rbxts/flipper@2.0.1)(@rbxts/react-roblox@0.2.0)(@rbxts/react-ts@1.0.1):
    resolution: {integrity: sha512-vcphO7E7pPl/3qmaVquKwnDvAhaPy62wwP0MIUskddpMH3++wk3bZvZq/nXGxlwV+fqQyvhl59yTHBNzik1A8g==}
    peerDependencies:
      '@rbxts/flipper': ^2.0.1
      '@rbxts/react-roblox': '*'
      '@rbxts/roact': '*'
    dependencies:
      '@rbxts/flipper': 2.0.1
      '@rbxts/react-roblox': 0.2.0
      '@rbxts/roact': /@rbxts/react-ts@1.0.1
      '@rbxts/services': 1.5.3
      '@rbxts/set-timeout': 1.1.2
    dev: false

  /@rbxts/promise-forward@1.0.5:
    resolution: {integrity: sha512-FrL3pIQDbRD1hKsUNH1Fwwd5jOuqU0vzKQI4Xo96AqzizYc4fb6vDkUg9Iq+IFki6FVlFvPN+YnvkCxGMjJw4Q==}
    dev: false

  /@rbxts/react-internal@0.2.2:
    resolution: {integrity: sha512-/34bcOntTzucAwMvo2OtSJT05zfH88kjR0UKyBcADbbZ71KgMKai2Q8ccKKt7IuoPJDzP14dCHd5pXL44M2rkw==}
    dependencies:
      '@rbxts/luau-polyfill-internal': 1.2.3-ts.0
      '@rbxts/shared-internal': 0.2.1
    dev: false

  /@rbxts/react-reconciler-internal@0.2.1:
    resolution: {integrity: sha512-+1iF6id3YuhChfJguBFqzDtYvruGFhkLz9Wr8T0ekp7RlGe4l7d7KLUg5l8GRPj9FbmjQFc0UufBHWmKkrJ2qQ==}
    dependencies:
      '@rbxts/luau-polyfill-internal': 1.2.3-ts.0
      '@rbxts/promise-forward': 1.0.5
      '@rbxts/react-internal': 0.2.2
      '@rbxts/scheduler-internal': 0.2.1
      '@rbxts/shared-internal': 0.2.1
    dev: false

  /@rbxts/react-reflex@0.2.0(@rbxts/react-ts@1.0.1)(@rbxts/reflex@4.3.1):
    resolution: {integrity: sha512-pPrRpIwl8Qzz7GryoP9KrZCQyJCy6ohjlboFIMhe+DcRtqoO2nV7bboifozE7sq3vK0T7UP7fPjIFmaJzZeJIA==}
    peerDependencies:
      '@rbxts/reflex': ^4.0.0
      '@rbxts/roact': '*'
    dependencies:
      '@rbxts/reflex': 4.3.1
      '@rbxts/roact': /@rbxts/react-ts@1.0.1
    dev: false

  /@rbxts/react-roblox@0.1.2:
    resolution: {integrity: sha512-74R0iemEWSgrE8f98JMfdQFSE+VpJTqo91aaZoBbskqHdeWX+kvVxjkiE5nMOkjIfptVHlZvD7P18hOTe2lwog==}
    dependencies:
      '@rbxts/luau-polyfill-internal': 1.2.3-ts.0
      '@rbxts/react-internal': 0.2.2
      '@rbxts/react-reconciler-internal': 0.2.1
      '@rbxts/scheduler-internal': 0.2.1
      '@rbxts/shared-internal': 0.2.1
    dev: false

  /@rbxts/react-roblox@0.2.0:
    resolution: {integrity: sha512-HTdJ7HSVfkyH+ow78paMS4aVz4C87mXEDDeDeQxhw17xQOANFl3cnoSKJ8ldmNgjoSMEgh5KacdoxjRGoF8wZg==}
    dependencies:
      '@rbxts/luau-polyfill-internal': 1.2.3-ts.0
      '@rbxts/react-internal': 0.2.2
      '@rbxts/react-reconciler-internal': 0.2.1
      '@rbxts/scheduler-internal': 0.2.1
      '@rbxts/shared-internal': 0.2.1
    dev: false

  /@rbxts/react-ts@1.0.1:
    resolution: {integrity: sha512-u/QsFkjWwEbr502xRfCNGjtMfOjqRiVGF5gb3Ox9Z94ymHPXniVsopmT582QpTZLuEcfB5TKvsvpFzFSQ14edg==}
    dependencies:
      '@rbxts/react-internal': 0.2.2
      '@rbxts/roact-compat-internal': 0.3.1
    dev: false

  /@rbxts/reflex@4.3.1:
    resolution: {integrity: sha512-S5MbEpHKeRh9NWhwGJ789WbUsmlAlpQziWaNK4+kz1EpaaQ7uHQMZAuN1DYl4+QkqmOSuPlj04COwmArBGWH1Q==}
    dev: false

  /@rbxts/remo@1.3.1:
    resolution: {integrity: sha512-cGYEoYOLC5W0SdHGlHx73HmEs2CRPm4I5FRw8wRjQdm0D9BLepCXa9Vw2u7vXt5p54Nqd99Ctmf/ZL6Z0bwKkQ==}
    dev: false

  /@rbxts/ripple@0.8.1:
    resolution: {integrity: sha512-3zQznIQcuXKb6Q0jZpKvhYRdWjQ+sMOBQt3KlQ7as4URiiQyXQCBGx7oWupVwJHuWi4CnpfQVkB2VFDWAmH20Q==}
    dev: false

  /@rbxts/roact-compat-internal@0.3.1:
    resolution: {integrity: sha512-euje2jF3S83VNMtNvrjDgO3XpMibyIYcstCKsvLfIDASfCArtltwQRnjk3ewq20b2hOfy4wneQ8iXu2Di7J8rw==}
    dependencies:
      '@rbxts/luau-polyfill-internal': 1.2.3-ts.0
      '@rbxts/react-internal': 0.2.2
      '@rbxts/react-roblox': 0.1.2
      '@rbxts/shared-internal': 0.2.1
    dev: false

  /@rbxts/rust-classes@0.12.0:
    resolution: {integrity: sha512-Ibk532/9tHswqU9AdJlLGDjb3fD+tisI0WzTvzsbFcndcdRfEmpBqXC0JZ+4+lIfSERJmL4zRXZQNN//nJ4rmw==}
    dev: false

  /@rbxts/scheduler-internal@0.2.1:
    resolution: {integrity: sha512-9CVi2ZJMH+T4blfDd0t7bScBLWi49eD99eJ3Ie/Cv3WxQ5iYsZLSeSxzut5Yzkb83cYGb/alUGM/gzx0B19KQw==}
    dependencies:
      '@rbxts/luau-polyfill-internal': 1.2.3-ts.0
      '@rbxts/shared-internal': 0.2.1
    dev: false

  /@rbxts/services@1.5.3:
    resolution: {integrity: sha512-0Lr1OJCfhCILu0Z2+W2Hhx4nIRWLW3llSvzPskozv9AlBR99qTWrhJlh/4dux1RciKPFbZiTYi1CP+/kCloIQw==}
    dev: false

  /@rbxts/set-timeout@1.1.2:
    resolution: {integrity: sha512-P/A0IiH9wuZdSJYr4Us0MDFm61nvIFR0acfKFHLkcOsgvIgELC90Up9ugiSsaMEHRIcIcO5UjE39LuS3xTzQHw==}
    dependencies:
      '@rbxts/services': 1.5.3
    dev: false

  /@rbxts/shared-internal@0.2.1:
    resolution: {integrity: sha512-HWLFesx5u8NTyDMTNXEkskGT6nE5VLaEnnnq852ixiBtdfIdN/sGCgNnkwbHAq9P9cgX52V3EB5GdVeWcwJzkA==}
    dependencies:
      '@rbxts/luau-polyfill-internal': 1.2.3-ts.0
    dev: false

  /@rbxts/sift@0.0.8:
    resolution: {integrity: sha512-PCwc7MFbJwUgy4pCGz6HEW0NAhNuL87dELx/5WIRIn0G5xIQ3L/Ij1huv+zRYmnNr3+ludR6zhwKqh+irAY8+g==}
    dev: false

  /@rbxts/t@3.1.1:
    resolution: {integrity: sha512-r+IvHHGLt9ZM8+cJAs5Q7ZyGaSlsbkXTaeat85FxRmjjozykHLbQ24rY/5utJbp63a5uCy3Wyl1fGv/Gk/GnIw==}
    dev: false

  /@rbxts/types@1.0.749:
    resolution: {integrity: sha512-33khx5jxuIizYyEZTxLH9q+quexkigZQ0FGVRY2TImhYvHSWpIiGf48PFRMUm4gDxCN8nLwGqhunfOEs3uKE1w==}
    dev: true

  /@roblox-ts/luau-ast@1.0.10:
    resolution: {integrity: sha512-Yts0q76OPDosqFpFO9VbLIyRilWnXjN0cHMc6ljlMqPfJjZ5ubrsbLKEVSOFbVP3WaKWSujwee6dgrAJOgig+w==}
    dev: true

  /@roblox-ts/rojo-resolver@1.0.6:
    resolution: {integrity: sha512-+heTECMo6BdH3a3h4DCj+8kJvwKuxWqBevcW/m2BzQaVtmo1GtLa4V4bJCMvDuAMeEqYKQZUB7546nN2dcqqAA==}
    dependencies:
      ajv: 8.12.0
      fs-extra: 11.2.0
    dev: true

  /ajv@8.12.0:
    resolution: {integrity: sha512-sRu1kpcO9yLtYxBKvqfTeh9KzZEwO3STyX1HT+4CaDzC6HpTGYhIhPIzj9XuKU7KYDwnaeh5hcOwjy1QuJzBPA==}
    dependencies:
      fast-deep-equal: 3.1.3
      json-schema-traverse: 1.0.0
      require-from-string: 2.0.2
      uri-js: 4.4.1
    dev: true

  /ansi-regex@5.0.1:
    resolution: {integrity: sha512-quJQXlTSUGL2LH9SUXo8VwsY4soanhgo6LNSm84E1LBcE8s3O0wpdiRzyR9z/ZZJMlMWv37qOOb9pdJlMUEKFQ==}
    engines: {node: '>=8'}
    dev: true

  /ansi-styles@4.3.0:
    resolution: {integrity: sha512-zbB9rCJAT1rbjiVDb2hqKFHNYLxgtk8NURxZ3IZwD3F6NtxbXZQCnnSi1Lkx+IDohdPlFp222wVALIheZJQSEg==}
    engines: {node: '>=8'}
    dependencies:
      color-convert: 2.0.1
    dev: true

  /anymatch@3.1.3:
    resolution: {integrity: sha512-KMReFUr0B4t+D+OBkjR3KYqvocp2XaSzO55UcB6mgQMd3KbcE+mWTyvVV7D/zsdEbNnV6acZUutkiHQXvTr1Rw==}
    engines: {node: '>= 8'}
    dependencies:
      normalize-path: 3.0.0
      picomatch: 2.3.1
    dev: true

  /binary-extensions@2.2.0:
    resolution: {integrity: sha512-jDctJ/IVQbZoJykoeHbhXpOlNBqGNcwXJKJog42E5HDPUwQTSdjCHdihjj0DlnheQ7blbT6dHOafNAiS8ooQKA==}
    engines: {node: '>=8'}
    dev: true

  /braces@3.0.2:
    resolution: {integrity: sha512-b8um+L1RzM3WDSzvhm6gIz1yfTbBt6YTlcEKAvsmqCZZFw46z626lVj9j1yEPW33H5H+lBQpZMP1k8l+78Ha0A==}
    engines: {node: '>=8'}
    dependencies:
      fill-range: 7.0.1
    dev: true

  /chokidar@3.5.3:
    resolution: {integrity: sha512-Dr3sfKRP6oTcjf2JmUmFJfeVMvXBdegxB0iVQ5eb2V10uFJUCAS8OByZdVAyVb8xXNz3GjjTgj9kLWsZTqE6kw==}
    engines: {node: '>= 8.10.0'}
    dependencies:
      anymatch: 3.1.3
      braces: 3.0.2
      glob-parent: 5.1.2
      is-binary-path: 2.1.0
      is-glob: 4.0.3
      normalize-path: 3.0.0
      readdirp: 3.6.0
    optionalDependencies:
      fsevents: 2.3.3
    dev: true

  /cliui@8.0.1:
    resolution: {integrity: sha512-BSeNnyus75C4//NQ9gQt1/csTXyo/8Sb+afLAkzAptFuMsod9HFokGNudZpi/oQV73hnVK+sR+5PVRMd+Dr7YQ==}
    engines: {node: '>=12'}
    dependencies:
      string-width: 4.2.3
      strip-ansi: 6.0.1
      wrap-ansi: 7.0.0
    dev: true

  /color-convert@2.0.1:
    resolution: {integrity: sha512-RRECPsj7iu/xb5oKYcsFHSppFNnsj/52OVTRKb4zP5onXwVF3zVmmToNcOfGC+CRDpfK/U584fMg38ZHCaElKQ==}
    engines: {node: '>=7.0.0'}
    dependencies:
      color-name: 1.1.4
    dev: true

  /color-name@1.1.4:
    resolution: {integrity: sha512-dOy+3AuW3a2wNbZHIuMZpTcgjGuLU/uBL/ubcZF9OXbDo8ff4O8yVp5Bf0efS8uEoYo5q4Fx7dY9OgQGXgAsQA==}
    dev: true

  /emoji-regex@8.0.0:
    resolution: {integrity: sha512-MSjYzcWNOA0ewAHpz0MxpYFvwg6yjy1NG3xteoqz644VCo/RPgnr1/GGt+ic3iJTzQ8Eu3TdM14SawnVUmGE6A==}
    dev: true

  /escalade@3.1.1:
    resolution: {integrity: sha512-k0er2gUkLf8O0zKJiAhmkTnJlTvINGv7ygDNPbeIsX/TJjGJZHuh9B2UxbsaEkmlEo9MfhrSzmhIlhRlI2GXnw==}
    engines: {node: '>=6'}
    dev: true

  /fast-deep-equal@3.1.3:
    resolution: {integrity: sha512-f3qQ9oQy9j2AhBe/H9VC91wLmKBCCU/gDOnKNAYG5hswO7BLKj09Hc5HYNz9cGI++xlpDCIgDaitVs03ATR84Q==}
    dev: true

  /fill-range@7.0.1:
    resolution: {integrity: sha512-qOo9F+dMUmC2Lcb4BbVvnKJxTPjCm+RRpe4gDuGrzkL7mEVl/djYSu2OdQ2Pa302N4oqkSg9ir6jaLWJ2USVpQ==}
    engines: {node: '>=8'}
    dependencies:
      to-regex-range: 5.0.1
    dev: true

  /fs-extra@11.2.0:
    resolution: {integrity: sha512-PmDi3uwK5nFuXh7XDTlVnS17xJS7vW36is2+w3xcv8SVxiB4NyATf4ctkVY5bkSjX0Y4nbvZCq1/EjtEyr9ktw==}
    engines: {node: '>=14.14'}
    dependencies:
      graceful-fs: 4.2.11
      jsonfile: 6.1.0
      universalify: 2.0.1
    dev: true

  /fsevents@2.3.3:
    resolution: {integrity: sha512-5xoDfX+fL7faATnagmWPpbFtwh/R77WmMMqqHGS65C3vvB0YHrgF+B1YmZ3441tMj5n63k0212XNoJwzlhffQw==}
    engines: {node: ^8.16.0 || ^10.6.0 || >=11.0.0}
    os: [darwin]
    requiresBuild: true
    dev: true
    optional: true

  /function-bind@1.1.2:
    resolution: {integrity: sha512-7XHNxH7qX9xG5mIwxkhumTox/MIRNcOgDrxWsMt2pAr23WHp6MrRlN7FBSFpCpr+oVO0F744iUgR82nJMfG2SA==}
    dev: true

  /get-caller-file@2.0.5:
    resolution: {integrity: sha512-DyFP3BM/3YHTQOCUL/w0OZHR0lpKeGrxotcHWcqNEdnltqFwXVfhEBQ94eIo34AfQpo0rGki4cyIiftY06h2Fg==}
    engines: {node: 6.* || 8.* || >= 10.*}
    dev: true

  /glob-parent@5.1.2:
    resolution: {integrity: sha512-AOIgSQCepiJYwP3ARnGx+5VnTu2HBYdzbGP45eLw1vr3zB3vZLeyed1sC9hnbcOc9/SrMyM5RPQrkGz4aS9Zow==}
    engines: {node: '>= 6'}
    dependencies:
      is-glob: 4.0.3
    dev: true

  /graceful-fs@4.2.11:
    resolution: {integrity: sha512-RbJ5/jmFcNNCcDV5o9eTnBLJ/HszWV0P73bc+Ff4nS/rJj+YaS6IGyiOL0VoBYX+l1Wrl3k63h/KrH+nhJ0XvQ==}
    dev: true

  /hasown@2.0.0:
    resolution: {integrity: sha512-vUptKVTpIJhcczKBbgnS+RtcuYMB8+oNzPK2/Hp3hanz8JmpATdmmgLgSaadVREkDm+e2giHwY3ZRkyjSIDDFA==}
    engines: {node: '>= 0.4'}
    dependencies:
      function-bind: 1.1.2
    dev: true

  /is-binary-path@2.1.0:
    resolution: {integrity: sha512-ZMERYes6pDydyuGidse7OsHxtbI7WVeUEozgR/g7rd0xUimYNlvZRE/K2MgZTjWy725IfelLeVcEM97mmtRGXw==}
    engines: {node: '>=8'}
    dependencies:
      binary-extensions: 2.2.0
    dev: true

  /is-core-module@2.13.1:
    resolution: {integrity: sha512-hHrIjvZsftOsvKSn2TRYl63zvxsgE0K+0mYMoH6gD4omR5IWB2KynivBQczo3+wF1cCkjzvptnI9Q0sPU66ilw==}
    dependencies:
      hasown: 2.0.0
    dev: true

  /is-extglob@2.1.1:
    resolution: {integrity: sha512-SbKbANkN603Vi4jEZv49LeVJMn4yGwsbzZworEoyEiutsN3nJYdbO36zfhGJ6QEDpOZIFkDtnq5JRxmvl3jsoQ==}
    engines: {node: '>=0.10.0'}
    dev: true

  /is-fullwidth-code-point@3.0.0:
    resolution: {integrity: sha512-zymm5+u+sCsSWyD9qNaejV3DFvhCKclKdizYaJUuHA83RLjb7nSuGnddCHGv0hk+KY7BMAlsWeK4Ueg6EV6XQg==}
    engines: {node: '>=8'}
    dev: true

  /is-glob@4.0.3:
    resolution: {integrity: sha512-xelSayHH36ZgE7ZWhli7pW34hNbNl8Ojv5KVmkJD4hBdD3th8Tfk9vYasLM+mXWOZhFkgZfxhLSnrwRr4elSSg==}
    engines: {node: '>=0.10.0'}
    dependencies:
      is-extglob: 2.1.1
    dev: true

  /is-number@7.0.0:
    resolution: {integrity: sha512-41Cifkg6e8TylSpdtTpeLVMqvSBEVzTttHvERD741+pnZ8ANv0004MRL43QKPDlK9cGvNp6NZWZUBlbGXYxxng==}
    engines: {node: '>=0.12.0'}
    dev: true

  /json-schema-traverse@1.0.0:
    resolution: {integrity: sha512-NM8/P9n3XjXhIZn1lLhkFaACTOURQXjWhV4BA/RnOv8xvgqtqpAX9IO4mRQxSx1Rlo4tqzeqb0sOlruaOy3dug==}
    dev: true

  /jsonfile@6.1.0:
    resolution: {integrity: sha512-5dgndWOriYSm5cnYaJNhalLNDKOqFwyDB/rr1E9ZsGciGvKPs8R2xYGCacuf3z6K1YKDz182fd+fY3cn3pMqXQ==}
    dependencies:
      universalify: 2.0.1
    optionalDependencies:
      graceful-fs: 4.2.11
    dev: true

  /kleur@3.0.3:
    resolution: {integrity: sha512-eTIzlVOSUR+JxdDFepEYcBMtZ9Qqdef+rnzWdRZuMbOywu5tO2w2N7rqjoANZ5k9vywhL6Br1VRjUIgTQx4E8w==}
    engines: {node: '>=6'}
    dev: true

  /kleur@4.1.5:
    resolution: {integrity: sha512-o+NO+8WrRiQEE4/7nwRJhN1HWpVmJm511pBHUxPLtp0BUISzlBplORYSmTclCnJvQq2tKu/sgl3xVpkc7ZWuQQ==}
    engines: {node: '>=6'}
    dev: true

  /lookpath@1.2.2:
    resolution: {integrity: sha512-k2Gmn8iV6qdME3ztZC2spubmQISimFOPLuQKiPaLcVdRz0IpdxrNClVepMlyTJlhodm/zG/VfbkWERm3kUIh+Q==}
    engines: {npm: '>=6.13.4'}
    hasBin: true
    dev: true

  /normalize-path@3.0.0:
    resolution: {integrity: sha512-6eZs5Ls3WtCisHWp9S2GUy8dqkpGi4BVSz3GaqiE6ezub0512ESztXUwUB6C6IKbQkY2Pnb/mD4WYojCRwcwLA==}
    engines: {node: '>=0.10.0'}
    dev: true

  /path-parse@1.0.7:
    resolution: {integrity: sha512-LDJzPVEEEPR+y48z93A0Ed0yXb8pAByGWo/k5YYdYgpY2/2EsOsksJrq7lOHxryrVOn1ejG6oAp8ahvOIQD8sw==}
    dev: true

  /picomatch@2.3.1:
    resolution: {integrity: sha512-JU3teHTNjmE2VCGFzuY8EXzCDVwEqB2a8fsIvwaStHhAWJEeVd1o1QD80CU6+ZdEXXSLbSsuLwJjkCBWqRQUVA==}
    engines: {node: '>=8.6'}
    dev: true

  /prompts@2.4.2:
    resolution: {integrity: sha512-NxNv/kLguCA7p3jE8oL2aEBsrJWgAakBpgmgK6lpPWV+WuOmY6r2/zbAVnP+T8bQlA0nzHXSJSJW0Hq7ylaD2Q==}
    engines: {node: '>= 6'}
    dependencies:
      kleur: 3.0.3
      sisteransi: 1.0.5
    dev: true

  /punycode@2.3.1:
    resolution: {integrity: sha512-vYt7UD1U9Wg6138shLtLOvdAu+8DsC/ilFtEVHcH+wydcSpNE20AfSOduf6MkRFahL5FY7X1oU7nKVZFtfq8Fg==}
    engines: {node: '>=6'}
    dev: true

  /readdirp@3.6.0:
    resolution: {integrity: sha512-hOS089on8RduqdbhvQ5Z37A0ESjsqz6qnRcffsMU3495FuTdqSm+7bhJ29JvIOsBDEEnan5DPu9t3To9VRlMzA==}
    engines: {node: '>=8.10.0'}
    dependencies:
      picomatch: 2.3.1
    dev: true

  /require-directory@2.1.1:
    resolution: {integrity: sha512-fGxEI7+wsG9xrvdjsrlmL22OMTTiHRwAMroiEeMgq8gzoLC/PQr7RsRDSTLUg/bZAZtF+TVIkHc6/4RIKrui+Q==}
    engines: {node: '>=0.10.0'}
    dev: true

  /require-from-string@2.0.2:
    resolution: {integrity: sha512-Xf0nWe6RseziFMu+Ap9biiUbmplq6S9/p+7w7YXP/JBHhrUDDUhwa+vANyubuqfZWTveU//DYVGsDG7RKL/vEw==}
    engines: {node: '>=0.10.0'}
    dev: true

  /resolve@1.22.8:
    resolution: {integrity: sha512-oKWePCxqpd6FlLvGV1VU0x7bkPmmCNolxzjMf4NczoDnQcIWrAF+cPtZn5i6n+RfD2d9i0tzpKnG6Yk168yIyw==}
    hasBin: true
    dependencies:
      is-core-module: 2.13.1
      path-parse: 1.0.7
      supports-preserve-symlinks-flag: 1.0.0
    dev: true

  /roblox-ts@2.2.0:
    resolution: {integrity: sha512-c28Ptmje50456pqyhE7WsxU0cYLH63qwKLqbz6Sit53bm1Xry/gUiqlho7fFnwW/os9Npk8bjYl8Oom46maZtQ==}
    hasBin: true
    dependencies:
      '@roblox-ts/luau-ast': 1.0.10
      '@roblox-ts/rojo-resolver': 1.0.6
      chokidar: 3.5.3
      fs-extra: 11.2.0
      kleur: 4.1.5
      lookpath: 1.2.2
      prompts: 2.4.2
      resolve: 1.22.8
      typescript: 5.2.2
      yargs: 17.7.2
    dev: true

  /sisteransi@1.0.5:
    resolution: {integrity: sha512-bLGGlR1QxBcynn2d5YmDX4MGjlZvy2MRBDRNHLJ8VI6l6+9FUiyTFNJ0IveOSP0bcXgVDPRcfGqA0pjaqUpfVg==}
    dev: true

  /string-width@4.2.3:
    resolution: {integrity: sha512-wKyQRQpjJ0sIp62ErSZdGsjMJWsap5oRNihHhu6G7JVO/9jIB6UyevL+tXuOqrng8j/cxKTWyWUwvSTriiZz/g==}
    engines: {node: '>=8'}
    dependencies:
      emoji-regex: 8.0.0
      is-fullwidth-code-point: 3.0.0
      strip-ansi: 6.0.1
    dev: true

  /strip-ansi@6.0.1:
    resolution: {integrity: sha512-Y38VPSHcqkFrCpFnQ9vuSXmquuv5oXOKpGeT6aGrr3o3Gc9AlVa6JBfUSOCnbxGGZF+/0ooI7KrPuUSztUdU5A==}
    engines: {node: '>=8'}
    dependencies:
      ansi-regex: 5.0.1
    dev: true

  /supports-preserve-symlinks-flag@1.0.0:
    resolution: {integrity: sha512-ot0WnXS9fgdkgIcePe6RHNk1WA8+muPa6cSjeR3V8K27q9BB1rTE3R1p7Hv0z1ZyAc8s6Vvv8DIyWf681MAt0w==}
    engines: {node: '>= 0.4'}
    dev: true

  /to-regex-range@5.0.1:
    resolution: {integrity: sha512-65P7iz6X5yEr1cwcgvQxbbIw7Uk3gOy5dIdtZ4rDveLqhrdJP+Li/Hx6tyK0NEb+2GCyneCMJiGqrADCSNk8sQ==}
    engines: {node: '>=8.0'}
    dependencies:
      is-number: 7.0.0
    dev: true

  /typescript@5.2.2:
    resolution: {integrity: sha512-mI4WrpHsbCIcwT9cF4FZvr80QUeKvsUsUvKDoR+X/7XHQH98xYD8YHZg7ANtz2GtZt/CBq2QJ0thkGJMHfqc1w==}
    engines: {node: '>=14.17'}
    hasBin: true
    dev: true

  /universalify@2.0.1:
    resolution: {integrity: sha512-gptHNQghINnc/vTGIk0SOFGFNXw7JVrlRUtConJRlvaw6DuX0wO5Jeko9sWrMBhh+PsYAZ7oXAiOnf/UKogyiw==}
    engines: {node: '>= 10.0.0'}
    dev: true

  /uri-js@4.4.1:
    resolution: {integrity: sha512-7rKUyy33Q1yc98pQ1DAmLtwX109F7TIfWlW1Ydo8Wl1ii1SeHieeh0HHfPeL2fMXK6z0s8ecKs9frCuLJvndBg==}
    dependencies:
      punycode: 2.3.1
    dev: true

  /wrap-ansi@7.0.0:
    resolution: {integrity: sha512-YVGIj2kamLSTxw6NsZjoBxfSwsn0ycdesmc4p+Q21c5zPuZ1pl+NfxVdxPtdHvmNVOQ6XSYG4AUtyt/Fi7D16Q==}
    engines: {node: '>=10'}
    dependencies:
      ansi-styles: 4.3.0
      string-width: 4.2.3
      strip-ansi: 6.0.1
    dev: true

  /y18n@5.0.8:
    resolution: {integrity: sha512-0pfFzegeDWJHJIAmTLRP2DwHjdF5s7jo9tuztdQxAhINCdvS+3nGINqPd00AphqJR/0LhANUS6/+7SCb98YOfA==}
    engines: {node: '>=10'}
    dev: true

  /yargs-parser@21.1.1:
    resolution: {integrity: sha512-tVpsJW7DdjecAiFpbIB1e3qxIQsE6NoPc5/eTdrbbIC4h0LVsWhnoa3g+m2HclBIujHzsxZ4VJVA+GUuc2/LBw==}
    engines: {node: '>=12'}
    dev: true

  /yargs@17.7.2:
    resolution: {integrity: sha512-7dSzzRQ++CKnNI/krKnYRV7JKKPUXMEh61soaHKg9mrWEhzFWhFnxPxGl+69cD1Ou63C13NUPCnmIcrvqCuM6w==}
    engines: {node: '>=12'}
    dependencies:
      cliui: 8.0.1
      escalade: 3.1.1
      get-caller-file: 2.0.5
      require-directory: 2.1.1
      string-width: 4.2.3
      y18n: 5.0.8
      yargs-parser: 21.1.1
    dev: true
